
Microsoft Visual Studio Solution File, Format Version 12.00
# Visual Studio Version 17
VisualStudioVersion = 17.9.34701.34
MinimumVisualStudioVersion = 10.0.40219.1
Project("{FAE04EC0-301F-11D3-BF4B-00C04F79EFBC}") = "SignalR_Chat_App", "SignalR_Chat_App\SignalR_Chat_App\SignalR_Chat_App.csproj", "{2D00A707-1F80-460C-86BF-FB500575F711}"
EndProject
Project("{FAE04EC0-301F-11D3-BF4B-00C04F79EFBC}") = "SignalR_Chat_App.Client", "SignalR_Chat_App\SignalR_Chat_App.Client\SignalR_Chat_App.Client.csproj", "{CC2B4CB3-AD59-42C5-AFF6-B21E96771F33}"
EndProject
Global
	GlobalSection(SolutionConfigurationPlatforms) = preSolution
		Debug|Any CPU = Debug|Any CPU
		Release|Any CPU = Release|Any CPU
	EndGlobalSection
	GlobalSection(ProjectConfigurationPlatforms) = postSolution
		{2D00A707-1F80-460C-86BF-FB500575F711}.Debug|Any CPU.ActiveCfg = Debug|Any CPU
		{2D00A707-1F80-460C-86BF-FB500575F711}.Debug|Any CPU.Build.0 = Debug|Any CPU
		{2D00A707-1F80-460C-86BF-FB500575F711}.Release|Any CPU.ActiveCfg = Release|Any CPU
		{2D00A707-1F80-460C-86BF-FB500575F711}.Release|Any CPU.Build.0 = Release|Any CPU
		{CC2B4CB3-AD59-42C5-AFF6-B21E96771F33}.Debug|Any CPU.ActiveCfg = Debug|Any CPU
		{CC2B4CB3-AD59-42C5-AFF6-B21E96771F33}.Debug|Any CPU.Build.0 = Debug|Any CPU
		{CC2B4CB3-AD59-42C5-AFF6-B21E96771F33}.Release|Any CPU.ActiveCfg = Release|Any CPU
		{CC2B4CB3-AD59-42C5-AFF6-B21E96771F33}.Release|Any CPU.Build.0 = Release|Any CPU
	EndGlobalSection
	GlobalSection(SolutionProperties) = preSolution
		HideSolutionNode = FALSE
	EndGlobalSection
	GlobalSection(ExtensibilityGlobals) = postSolution
		SolutionGuid = {99AFC51B-8379-470D-AC2B-6746AB049F2E}
	EndGlobalSection
EndGlobal
